
Microsoft Visual Studio Solution File, Format Version 12.00
# Visual Studio Version 16
VisualStudioVersion = 16.0.30204.135
MinimumVisualStudioVersion = 10.0.40219.1
Project("{8BC9CEB8-8B4A-11D0-8D11-00A0C91BC942}") = "Tests", "Tests\Tests.vcxproj", "{9C211665-397A-4BDB-803A-233265077484}"
EndProject
Project("{8BC9CEB8-8B4A-11D0-8D11-00A0C91BC942}") = "ASCIINO", "ASCIINO\ASCIINO.vcxproj", "{D436ADB9-9A4D-4DF6-A5A7-462C3FDE611D}"
EndProject
Project("{8BC9CEB8-8B4A-11D0-8D11-00A0C91BC942}") = "PRNG", "PRNG\PRNG.vcxproj", "{B1FF2E89-6E70-4C7F-BE37-AC5716232BC5}"
EndProject
Project("{8BC9CEB8-8B4A-11D0-8D11-00A0C91BC942}") = "BST", "BST\BST.vcxproj", "{10F05F20-F3CE-41DB-B2D4-5ED9E2ABF525}"
EndProject
Project("{8BC9CEB8-8B4A-11D0-8D11-00A0C91BC942}") = "Bell", "Bell\Bell.vcxproj", "{5409BD06-9B2F-44A7-8947-55A04F81D9FE}"
EndProject
Project("{8BC9CEB8-8B4A-11D0-8D11-00A0C91BC942}") = "Trigosin", "Trigosin\Trigosin.vcxproj", "{707BB599-F584-46EF-BFE3-C63FD8AD14F0}"
EndProject
Project("{8BC9CEB8-8B4A-11D0-8D11-00A0C91BC942}") = "RecvsIter", "RecvsIter\RecvsIter.vcxproj", "{7751C450-A485-4523-8C45-3B36048DB8EB}"
EndProject
Project("{8BC9CEB8-8B4A-11D0-8D11-00A0C91BC942}") = "Powers", "Powers\Powers.vcxproj", "{AE3CE40E-3FFE-40EB-BF28-BA599D683054}"
EndProject
Global
	GlobalSection(SolutionConfigurationPlatforms) = preSolution
		Debug|x64 = Debug|x64
		Debug|x86 = Debug|x86
		Release|x64 = Release|x64
		Release|x86 = Release|x86
	EndGlobalSection
	GlobalSection(ProjectConfigurationPlatforms) = postSolution
		{9C211665-397A-4BDB-803A-233265077484}.Debug|x64.ActiveCfg = Debug|x64
		{9C211665-397A-4BDB-803A-233265077484}.Debug|x64.Build.0 = Debug|x64
		{9C211665-397A-4BDB-803A-233265077484}.Debug|x86.ActiveCfg = Debug|Win32
		{9C211665-397A-4BDB-803A-233265077484}.Debug|x86.Build.0 = Debug|Win32
		{9C211665-397A-4BDB-803A-233265077484}.Release|x64.ActiveCfg = Release|x64
		{9C211665-397A-4BDB-803A-233265077484}.Release|x64.Build.0 = Release|x64
		{9C211665-397A-4BDB-803A-233265077484}.Release|x86.ActiveCfg = Release|Win32
		{9C211665-397A-4BDB-803A-233265077484}.Release|x86.Build.0 = Release|Win32
		{D436ADB9-9A4D-4DF6-A5A7-462C3FDE611D}.Debug|x64.ActiveCfg = Debug|x64
		{D436ADB9-9A4D-4DF6-A5A7-462C3FDE611D}.Debug|x64.Build.0 = Debug|x64
		{D436ADB9-9A4D-4DF6-A5A7-462C3FDE611D}.Debug|x86.ActiveCfg = Debug|Win32
		{D436ADB9-9A4D-4DF6-A5A7-462C3FDE611D}.Debug|x86.Build.0 = Debug|Win32
		{D436ADB9-9A4D-4DF6-A5A7-462C3FDE611D}.Release|x64.ActiveCfg = Release|x64
		{D436ADB9-9A4D-4DF6-A5A7-462C3FDE611D}.Release|x64.Build.0 = Release|x64
		{D436ADB9-9A4D-4DF6-A5A7-462C3FDE611D}.Release|x86.ActiveCfg = Release|Win32
		{D436ADB9-9A4D-4DF6-A5A7-462C3FDE611D}.Release|x86.Build.0 = Release|Win32
		{B1FF2E89-6E70-4C7F-BE37-AC5716232BC5}.Debug|x64.ActiveCfg = Debug|x64
		{B1FF2E89-6E70-4C7F-BE37-AC5716232BC5}.Debug|x64.Build.0 = Debug|x64
		{B1FF2E89-6E70-4C7F-BE37-AC5716232BC5}.Debug|x86.ActiveCfg = Debug|Win32
		{B1FF2E89-6E70-4C7F-BE37-AC5716232BC5}.Debug|x86.Build.0 = Debug|Win32
		{B1FF2E89-6E70-4C7F-BE37-AC5716232BC5}.Release|x64.ActiveCfg = Release|x64
		{B1FF2E89-6E70-4C7F-BE37-AC5716232BC5}.Release|x64.Build.0 = Release|x64
		{B1FF2E89-6E70-4C7F-BE37-AC5716232BC5}.Release|x86.ActiveCfg = Release|Win32
		{B1FF2E89-6E70-4C7F-BE37-AC5716232BC5}.Release|x86.Build.0 = Release|Win32
		{10F05F20-F3CE-41DB-B2D4-5ED9E2ABF525}.Debug|x64.ActiveCfg = Debug|x64
		{10F05F20-F3CE-41DB-B2D4-5ED9E2ABF525}.Debug|x64.Build.0 = Debug|x64
		{10F05F20-F3CE-41DB-B2D4-5ED9E2ABF525}.Debug|x86.ActiveCfg = Debug|Win32
		{10F05F20-F3CE-41DB-B2D4-5ED9E2ABF525}.Debug|x86.Build.0 = Debug|Win32
		{10F05F20-F3CE-41DB-B2D4-5ED9E2ABF525}.Release|x64.ActiveCfg = Release|x64
		{10F05F20-F3CE-41DB-B2D4-5ED9E2ABF525}.Release|x64.Build.0 = Release|x64
		{10F05F20-F3CE-41DB-B2D4-5ED9E2ABF525}.Release|x86.ActiveCfg = Release|Win32
		{10F05F20-F3CE-41DB-B2D4-5ED9E2ABF525}.Release|x86.Build.0 = Release|Win32
		{5409BD06-9B2F-44A7-8947-55A04F81D9FE}.Debug|x64.ActiveCfg = Debug|x64
		{5409BD06-9B2F-44A7-8947-55A04F81D9FE}.Debug|x64.Build.0 = Debug|x64
		{5409BD06-9B2F-44A7-8947-55A04F81D9FE}.Debug|x86.ActiveCfg = Debug|Win32
		{5409BD06-9B2F-44A7-8947-55A04F81D9FE}.Debug|x86.Build.0 = Debug|Win32
		{5409BD06-9B2F-44A7-8947-55A04F81D9FE}.Release|x64.ActiveCfg = Release|x64
		{5409BD06-9B2F-44A7-8947-55A04F81D9FE}.Release|x64.Build.0 = Release|x64
		{5409BD06-9B2F-44A7-8947-55A04F81D9FE}.Release|x86.ActiveCfg = Release|Win32
		{5409BD06-9B2F-44A7-8947-55A04F81D9FE}.Release|x86.Build.0 = Release|Win32
		{707BB599-F584-46EF-BFE3-C63FD8AD14F0}.Debug|x64.ActiveCfg = Debug|x64
		{707BB599-F584-46EF-BFE3-C63FD8AD14F0}.Debug|x64.Build.0 = Debug|x64
		{707BB599-F584-46EF-BFE3-C63FD8AD14F0}.Debug|x86.ActiveCfg = Debug|Win32
		{707BB599-F584-46EF-BFE3-C63FD8AD14F0}.Debug|x86.Build.0 = Debug|Win32
		{707BB599-F584-46EF-BFE3-C63FD8AD14F0}.Release|x64.ActiveCfg = Release|x64
		{707BB599-F584-46EF-BFE3-C63FD8AD14F0}.Release|x64.Build.0 = Release|x64
		{707BB599-F584-46EF-BFE3-C63FD8AD14F0}.Release|x86.ActiveCfg = Release|Win32
		{707BB599-F584-46EF-BFE3-C63FD8AD14F0}.Release|x86.Build.0 = Release|Win32
		{7751C450-A485-4523-8C45-3B36048DB8EB}.Debug|x64.ActiveCfg = Debug|x64
		{7751C450-A485-4523-8C45-3B36048DB8EB}.Debug|x64.Build.0 = Debug|x64
		{7751C450-A485-4523-8C45-3B36048DB8EB}.Debug|x86.ActiveCfg = Debug|Win32
		{7751C450-A485-4523-8C45-3B36048DB8EB}.Debug|x86.Build.0 = Debug|Win32
		{7751C450-A485-4523-8C45-3B36048DB8EB}.Release|x64.ActiveCfg = Release|x64
		{7751C450-A485-4523-8C45-3B36048DB8EB}.Release|x64.Build.0 = Release|x64
		{7751C450-A485-4523-8C45-3B36048DB8EB}.Release|x86.ActiveCfg = Release|Win32
		{7751C450-A485-4523-8C45-3B36048DB8EB}.Release|x86.Build.0 = Release|Win32
		{AE3CE40E-3FFE-40EB-BF28-BA599D683054}.Debug|x64.ActiveCfg = Debug|x64
		{AE3CE40E-3FFE-40EB-BF28-BA599D683054}.Debug|x64.Build.0 = Debug|x64
		{AE3CE40E-3FFE-40EB-BF28-BA599D683054}.Debug|x86.ActiveCfg = Debug|Win32
		{AE3CE40E-3FFE-40EB-BF28-BA599D683054}.Debug|x86.Build.0 = Debug|Win32
		{AE3CE40E-3FFE-40EB-BF28-BA599D683054}.Release|x64.ActiveCfg = Release|x64
		{AE3CE40E-3FFE-40EB-BF28-BA599D683054}.Release|x64.Build.0 = Release|x64
		{AE3CE40E-3FFE-40EB-BF28-BA599D683054}.Release|x86.ActiveCfg = Release|Win32
		{AE3CE40E-3FFE-40EB-BF28-BA599D683054}.Release|x86.Build.0 = Release|Win32
	EndGlobalSection
	GlobalSection(SolutionProperties) = preSolution
		HideSolutionNode = FALSE
	EndGlobalSection
	GlobalSection(ExtensibilityGlobals) = postSolution
		SolutionGuid = {240EFED8-42FA-4A1F-BD51-F0F4CB82EBAE}
	EndGlobalSection
EndGlobal
